// !$*UTF8*$!
{
	archiveVersion = 1;
	classes = {
	};
	objectVersion = 46;
	objects = {

/* Begin PBXBuildFile section */
		8FA56D051F3C2AB200752B36 /* AppDelegate.swift in Sources */ = {isa = PBXBuildFile; fileRef = 8FA56D041F3C2AB200752B36 /* AppDelegate.swift */; };
		8FA56D071F3C2AB200752B36 /* ViewController.swift in Sources */ = {isa = PBXBuildFile; fileRef = 8FA56D061F3C2AB200752B36 /* ViewController.swift */; };
		8FA56D0A1F3C2AB200752B36 /* Main.storyboard in Resources */ = {isa = PBXBuildFile; fileRef = 8FA56D081F3C2AB200752B36 /* Main.storyboard */; };
		8FA56D0C1F3C2AB200752B36 /* Assets.xcassets in Resources */ = {isa = PBXBuildFile; fileRef = 8FA56D0B1F3C2AB200752B36 /* Assets.xcassets */; };
		8FA56D0F1F3C2AB200752B36 /* LaunchScreen.storyboard in Resources */ = {isa = PBXBuildFile; fileRef = 8FA56D0D1F3C2AB200752B36 /* LaunchScreen.storyboard */; };
		8FA56D1A1F3C2AB200752B36 /* Tip_CaculatorTests.swift in Sources */ = {isa = PBXBuildFile; fileRef = 8FA56D191F3C2AB200752B36 /* Tip_CaculatorTests.swift */; };
		8FA56D251F3C2AB200752B36 /* Tip_CaculatorUITests.swift in Sources */ = {isa = PBXBuildFile; fileRef = 8FA56D241F3C2AB200752B36 /* Tip_CaculatorUITests.swift */; };
		8FBA0F851F42C68700747D56 /* SettingsViewController.swift in Sources */ = {isa = PBXBuildFile; fileRef = 8FBA0F841F42C68700747D56 /* SettingsViewController.swift */; };
/* End PBXBuildFile section */

/* Begin PBXContainerItemProxy section */
		8FA56D161F3C2AB200752B36 /* PBXContainerItemProxy */ = {
			isa = PBXContainerItemProxy;
			containerPortal = 8FA56CF91F3C2AB200752B36 /* Project object */;
			proxyType = 1;
			remoteGlobalIDString = 8FA56D001F3C2AB200752B36;
			remoteInfo = "Tip Caculator";
		};
		8FA56D211F3C2AB200752B36 /* PBXContainerItemProxy */ = {
			isa = PBXContainerItemProxy;
			containerPortal = 8FA56CF91F3C2AB200752B36 /* Project object */;
			proxyType = 1;
			remoteGlobalIDString = 8FA56D001F3C2AB200752B36;
			remoteInfo = "Tip Caculator";
		};
/* End PBXContainerItemProxy section */

/* Begin PBXFileReference section */
		8FA56D011F3C2AB200752B36 /* Tip Caculator.app */ = {isa = PBXFileReference; explicitFileType = wrapper.application; includeInIndex = 0; path = "Tip Caculator.app"; sourceTree = BUILT_PRODUCTS_DIR; };
		8FA56D041F3C2AB200752B36 /* AppDelegate.swift */ = {isa = PBXFileReference; lastKnownFileType = sourcecode.swift; path = AppDelegate.swift; sourceTree = "<group>"; };
		8FA56D061F3C2AB200752B36 /* ViewController.swift */ = {isa = PBXFileReference; lastKnownFileType = sourcecode.swift; path = ViewController.swift; sourceTree = "<group>"; };
		8FA56D091F3C2AB200752B36 /* Base */ = {isa = PBXFileReference; lastKnownFileType = file.storyboard; name = Base; path = Base.lproj/Main.storyboard; sourceTree = "<group>"; };
		8FA56D0B1F3C2AB200752B36 /* Assets.xcassets */ = {isa = PBXFileReference; lastKnownFileType = folder.assetcatalog; path = Assets.xcassets; sourceTree = "<group>"; };
		8FA56D0E1F3C2AB200752B36 /* Base */ = {isa = PBXFileReference; lastKnownFileType = file.storyboard; name = Base; path = Base.lproj/LaunchScreen.storyboard; sourceTree = "<group>"; };
		8FA56D101F3C2AB200752B36 /* Info.plist */ = {isa = PBXFileReference; lastKnownFileType = text.plist.xml; path = Info.plist; sourceTree = "<group>"; };
		8FA56D151F3C2AB200752B36 /* Tip CaculatorTests.xctest */ = {isa = PBXFileReference; explicitFileType = wrapper.cfbundle; includeInIndex = 0; path = "Tip CaculatorTests.xctest"; sourceTree = BUILT_PRODUCTS_DIR; };
		8FA56D191F3C2AB200752B36 /* Tip_CaculatorTests.swift */ = {isa = PBXFileReference; lastKnownFileType = sourcecode.swift; path = Tip_CaculatorTests.swift; sourceTree = "<group>"; };
		8FA56D1B1F3C2AB200752B36 /* Info.plist */ = {isa = PBXFileReference; lastKnownFileType = text.plist.xml; path = Info.plist; sourceTree = "<group>"; };
		8FA56D201F3C2AB200752B36 /* Tip CaculatorUITests.xctest */ = {isa = PBXFileReference; explicitFileType = wrapper.cfbundle; includeInIndex = 0; path = "Tip CaculatorUITests.xctest"; sourceTree = BUILT_PRODUCTS_DIR; };
		8FA56D241F3C2AB200752B36 /* Tip_CaculatorUITests.swift */ = {isa = PBXFileReference; lastKnownFileType = sourcecode.swift; path = Tip_CaculatorUITests.swift; sourceTree = "<group>"; };
		8FA56D261F3C2AB200752B36 /* Info.plist */ = {isa = PBXFileReference; lastKnownFileType = text.plist.xml; path = Info.plist; sourceTree = "<group>"; };
		8FBA0F841F42C68700747D56 /* SettingsViewController.swift */ = {isa = PBXFileReference; fileEncoding = 4; lastKnownFileType = sourcecode.swift; path = SettingsViewController.swift; sourceTree = "<group>"; };
/* End PBXFileReference section */

/* Begin PBXFrameworksBuildPhase section */
		8FA56CFE1F3C2AB200752B36 /* Frameworks */ = {
			isa = PBXFrameworksBuildPhase;
			buildActionMask = 2147483647;
			files = (
			);
			runOnlyForDeploymentPostprocessing = 0;
		};
		8FA56D121F3C2AB200752B36 /* Frameworks */ = {
			isa = PBXFrameworksBuildPhase;
			buildActionMask = 2147483647;
			files = (
			);
			runOnlyForDeploymentPostprocessing = 0;
		};
		8FA56D1D1F3C2AB200752B36 /* Frameworks */ = {
			isa = PBXFrameworksBuildPhase;
			buildActionMask = 2147483647;
			files = (
			);
			runOnlyForDeploymentPostprocessing = 0;
		};
/* End PBXFrameworksBuildPhase section */

/* Begin PBXGroup section */
		8FA56CF81F3C2AB200752B36 = {
			isa = PBXGroup;
			children = (
				8FA56D031F3C2AB200752B36 /* Tip Caculator */,
				8FA56D181F3C2AB200752B36 /* Tip CaculatorTests */,
				8FA56D231F3C2AB200752B36 /* Tip CaculatorUITests */,
				8FA56D021F3C2AB200752B36 /* Products */,
			);
			sourceTree = "<group>";
		};
		8FA56D021F3C2AB200752B36 /* Products */ = {
			isa = PBXGroup;
			children = (
				8FA56D011F3C2AB200752B36 /* Tip Caculator.app */,
				8FA56D151F3C2AB200752B36 /* Tip CaculatorTests.xctest */,
				8FA56D201F3C2AB200752B36 /* Tip CaculatorUITests.xctest */,
			);
			name = Products;
			sourceTree = "<group>";
		};
		8FA56D031F3C2AB200752B36 /* Tip Caculator */ = {
			isa = PBXGroup;
			children = (
				8FA56D041F3C2AB200752B36 /* AppDelegate.swift */,
				8FA56D061F3C2AB200752B36 /* ViewController.swift */,
				8FA56D081F3C2AB200752B36 /* Main.storyboard */,
				8FA56D0B1F3C2AB200752B36 /* Assets.xcassets */,
				8FA56D0D1F3C2AB200752B36 /* LaunchScreen.storyboard */,
				8FA56D101F3C2AB200752B36 /* Info.plist */,
				8FBA0F841F42C68700747D56 /* SettingsViewController.swift */,
			);
			path = "Tip Caculator";
			sourceTree = "<group>";
		};
		8FA56D181F3C2AB200752B36 /* Tip CaculatorTests */ = {
			isa = PBXGroup;
			children = (
				8FA56D191F3C2AB200752B36 /* Tip_CaculatorTests.swift */,
				8FA56D1B1F3C2AB200752B36 /* Info.plist */,
			);
			path = "Tip CaculatorTests";
			sourceTree = "<group>";
		};
		8FA56D231F3C2AB200752B36 /* Tip CaculatorUITests */ = {
			isa = PBXGroup;
			children = (
				8FA56D241F3C2AB200752B36 /* Tip_CaculatorUITests.swift */,
				8FA56D261F3C2AB200752B36 /* Info.plist */,
			);
			path = "Tip CaculatorUITests";
			sourceTree = "<group>";
		};
/* End PBXGroup section */

/* Begin PBXNativeTarget section */
		8FA56D001F3C2AB200752B36 /* Tip Caculator */ = {
			isa = PBXNativeTarget;
			buildConfigurationList = 8FA56D291F3C2AB200752B36 /* Build configuration list for PBXNativeTarget "Tip Caculator" */;
			buildPhases = (
				8FA56CFD1F3C2AB200752B36 /* Sources */,
				8FA56CFE1F3C2AB200752B36 /* Frameworks */,
				8FA56CFF1F3C2AB200752B36 /* Resources */,
			);
			buildRules = (
			);
			dependencies = (
			);
			name = "Tip Caculator";
			productName = "Tip Caculator";
			productReference = 8FA56D011F3C2AB200752B36 /* Tip Caculator.app */;
			productType = "com.apple.product-type.application";
		};
		8FA56D141F3C2AB200752B36 /* Tip CaculatorTests */ = {
			isa = PBXNativeTarget;
			buildConfigurationList = 8FA56D2C1F3C2AB200752B36 /* Build configuration list for PBXNativeTarget "Tip CaculatorTests" */;
			buildPhases = (
				8FA56D111F3C2AB200752B36 /* Sources */,
				8FA56D121F3C2AB200752B36 /* Frameworks */,
				8FA56D131F3C2AB200752B36 /* Resources */,
			);
			buildRules = (
			);
			dependencies = (
				8FA56D171F3C2AB200752B36 /* PBXTargetDependency */,
			);
			name = "Tip CaculatorTests";
			productName = "Tip CaculatorTests";
			productReference = 8FA56D151F3C2AB200752B36 /* Tip CaculatorTests.xctest */;
			productType = "com.apple.product-type.bundle.unit-test";
		};
		8FA56D1F1F3C2AB200752B36 /* Tip CaculatorUITests */ = {
			isa = PBXNativeTarget;
			buildConfigurationList = 8FA56D2F1F3C2AB200752B36 /* Build configuration list for PBXNativeTarget "Tip CaculatorUITests" */;
			buildPhases = (
				8FA56D1C1F3C2AB200752B36 /* Sources */,
				8FA56D1D1F3C2AB200752B36 /* Frameworks */,
				8FA56D1E1F3C2AB200752B36 /* Resources */,
			);
			buildRules = (
			);
			dependencies = (
				8FA56D221F3C2AB200752B36 /* PBXTargetDependency */,
			);
			name = "Tip CaculatorUITests";
			productName = "Tip CaculatorUITests";
			productReference = 8FA56D201F3C2AB200752B36 /* Tip CaculatorUITests.xctest */;
			productType = "com.apple.product-type.bundle.ui-testing";
		};
/* End PBXNativeTarget section */

/* Begin PBXProject section */
		8FA56CF91F3C2AB200752B36 /* Project object */ = {
			isa = PBXProject;
			attributes = {
				LastSwiftUpdateCheck = 0830;
				LastUpgradeCheck = 0830;
				ORGANIZATIONNAME = "Alan Lee";
				TargetAttributes = {
					8FA56D001F3C2AB200752B36 = {
						CreatedOnToolsVersion = 8.3.3;
						ProvisioningStyle = Automatic;
					};
					8FA56D141F3C2AB200752B36 = {
						CreatedOnToolsVersion = 8.3.3;
						ProvisioningStyle = Automatic;
						TestTargetID = 8FA56D001F3C2AB200752B36;
					};
					8FA56D1F1F3C2AB200752B36 = {
						CreatedOnToolsVersion = 8.3.3;
						ProvisioningStyle = Automatic;
						TestTargetID = 8FA56D001F3C2AB200752B36;
					};
				};
			};
			buildConfigurationList = 8FA56CFC1F3C2AB200752B36 /* Build configuration list for PBXProject "Tip Caculator" */;
			compatibilityVersion = "Xcode 3.2";
			developmentRegion = English;
			hasScannedForEncodings = 0;
			knownRegions = (
				en,
				Base,
			);
			mainGroup = 8FA56CF81F3C2AB200752B36;
			productRefGroup = 8FA56D021F3C2AB200752B36 /* Products */;
			projectDirPath = "";
			projectRoot = "";
			targets = (
				8FA56D001F3C2AB200752B36 /* Tip Caculator */,
				8FA56D141F3C2AB200752B36 /* Tip CaculatorTests */,
				8FA56D1F1F3C2AB200752B36 /* Tip CaculatorUITests */,
			);
		};
/* End PBXProject section */

/* Begin PBXResourcesBuildPhase section */
		8FA56CFF1F3C2AB200752B36 /* Resources */ = {
			isa = PBXResourcesBuildPhase;
			buildActionMask = 2147483647;
			files = (
				8FA56D0F1F3C2AB200752B36 /* LaunchScreen.storyboard in Resources */,
				8FA56D0C1F3C2AB200752B36 /* Assets.xcassets in Resources */,
				8FA56D0A1F3C2AB200752B36 /* Main.storyboard in Resources */,
			);
			runOnlyForDeploymentPostprocessing = 0;
		};
		8FA56D131F3C2AB200752B36 /* Resources */ = {
			isa = PBXResourcesBuildPhase;
			buildActionMask = 2147483647;
			files = (
			);
			runOnlyForDeploymentPostprocessing = 0;
		};
		8FA56D1E1F3C2AB200752B36 /* Resources */ = {
			isa = PBXResourcesBuildPhase;
			buildActionMask = 2147483647;
			files = (
			);
			runOnlyForDeploymentPostprocessing = 0;
		};
/* End PBXResourcesBuildPhase section */

/* Begin PBXSourcesBuildPhase section */
		8FA56CFD1F3C2AB200752B36 /* Sources */ = {
			isa = PBXSourcesBuildPhase;
			buildActionMask = 2147483647;
			files = (
				8FA56D071F3C2AB200752B36 /* ViewController.swift in Sources */,
				8FA56D051F3C2AB200752B36 /* AppDelegate.swift in Sources */,
				8FBA0F851F42C68700747D56 /* SettingsViewController.swift in Sources */,
			);
			runOnlyForDeploymentPostprocessing = 0;
		};
		8FA56D111F3C2AB200752B36 /* Sources */ = {
			isa = PBXSourcesBuildPhase;
			buildActionMask = 2147483647;
			files = (
				8FA56D1A1F3C2AB200752B36 /* Tip_CaculatorTests.swift in Sources */,
			);
			runOnlyForDeploymentPostprocessing = 0;
		};
		8FA56D1C1F3C2AB200752B36 /* Sources */ = {
			isa = PBXSourcesBuildPhase;
			buildActionMask = 2147483647;
			files = (
				8FA56D251F3C2AB200752B36 /* Tip_CaculatorUITests.swift in Sources */,
			);
			runOnlyForDeploymentPostprocessing = 0;
		};
/* End PBXSourcesBuildPhase section */

/* Begin PBXTargetDependency section */
		8FA56D171F3C2AB200752B36 /* PBXTargetDependency */ = {
			isa = PBXTargetDependency;
			target = 8FA56D001F3C2AB200752B36 /* Tip Caculator */;
			targetProxy = 8FA56D161F3C2AB200752B36 /* PBXContainerItemProxy */;
		};
		8FA56D221F3C2AB200752B36 /* PBXTargetDependency */ = {
			isa = PBXTargetDependency;
			target = 8FA56D001F3C2AB200752B36 /* Tip Caculator */;
			targetProxy = 8FA56D211F3C2AB200752B36 /* PBXContainerItemProxy */;
		};
/* End PBXTargetDependency section */

/* Begin PBXVariantGroup section */
		8FA56D081F3C2AB200752B36 /* Main.storyboard */ = {
			isa = PBXVariantGroup;
			children = (
				8FA56D091F3C2AB200752B36 /* Base */,
			);
			name = Main.storyboard;
			sourceTree = "<group>";
		};
		8FA56D0D1F3C2AB200752B36 /* LaunchScreen.storyboard */ = {
			isa = PBXVariantGroup;
			children = (
				8FA56D0E1F3C2AB200752B36 /* Base */,
			);
			name = LaunchScreen.storyboard;
			sourceTree = "<group>";
		};
/* End PBXVariantGroup section */

/* Begin XCBuildConfiguration section */
		8FA56D271F3C2AB200752B36 /* Debug */ = {
			isa = XCBuildConfiguration;
			buildSettings = {
				ALWAYS_SEARCH_USER_PATHS = NO;
				CLANG_ANALYZER_NONNULL = YES;
				CLANG_ANALYZER_NUMBER_OBJECT_CONVERSION = YES_AGGRESSIVE;
				CLANG_CXX_LANGUAGE_STANDARD = "gnu++0x";
				CLANG_CXX_LIBRARY = "libc++";
				CLANG_ENABLE_MODULES = YES;
				CLANG_ENABLE_OBJC_ARC = YES;
				CLANG_WARN_BOOL_CONVERSION = YES;
				CLANG_WARN_CONSTANT_CONVERSION = YES;
				CLANG_WARN_DIRECT_OBJC_ISA_USAGE = YES_ERROR;
				CLANG_WARN_DOCUMENTATION_COMMENTS = YES;
				CLANG_WARN_EMPTY_BODY = YES;
				CLANG_WARN_ENUM_CONVERSION = YES;
				CLANG_WARN_INFINITE_RECURSION = YES;
				CLANG_WARN_INT_CONVERSION = YES;
				CLANG_WARN_OBJC_ROOT_CLASS = YES_ERROR;
				CLANG_WARN_SUSPICIOUS_MOVE = YES;
				CLANG_WARN_UNREACHABLE_CODE = YES;
				CLANG_WARN__DUPLICATE_METHOD_MATCH = YES;
				"CODE_SIGN_IDENTITY[sdk=iphoneos*]" = "iPhone Developer";
				COPY_PHASE_STRIP = NO;
				DEBUG_INFORMATION_FORMAT = dwarf;
				ENABLE_STRICT_OBJC_MSGSEND = YES;
				ENABLE_TESTABILITY = YES;
				GCC_C_LANGUAGE_STANDARD = gnu99;
				GCC_DYNAMIC_NO_PIC = NO;
				GCC_NO_COMMON_BLOCKS = YES;
				GCC_OPTIMIZATION_LEVEL = 0;
				GCC_PREPROCESSOR_DEFINITIONS = (
					"DEBUG=1",
					"$(inherited)",
				);
				GCC_WARN_64_TO_32_BIT_CONVERSION = YES;
				GCC_WARN_ABOUT_RETURN_TYPE = YES_ERROR;
				GCC_WARN_UNDECLARED_SELECTOR = YES;
				GCC_WARN_UNINITIALIZED_AUTOS = YES_AGGRESSIVE;
				GCC_WARN_UNUSED_FUNCTION = YES;
				GCC_WARN_UNUSED_VARIABLE = YES;
				IPHONEOS_DEPLOYMENT_TARGET = 10.3;
				MTL_ENABLE_DEBUG_INFO = YES;
				ONLY_ACTIVE_ARCH = YES;
				SDKROOT = iphoneos;
				SWIFT_ACTIVE_COMPILATION_CONDITIONS = DEBUG;
				SWIFT_OPTIMIZATION_LEVEL = "-Onone";
			};
			name = Debug;
		};
		8FA56D281F3C2AB200752B36 /* Release */ = {
			isa = XCBuildConfiguration;
			buildSettings = {
				ALWAYS_SEARCH_USER_PATHS = NO;
				CLANG_ANALYZER_NONNULL = YES;
				CLANG_ANALYZER_NUMBER_OBJECT_CONVERSION = YES_AGGRESSIVE;
				CLANG_CXX_LANGUAGE_STANDARD = "gnu++0x";
				CLANG_CXX_LIBRARY = "libc++";
				CLANG_ENABLE_MODULES = YES;
				CLANG_ENABLE_OBJC_ARC = YES;
				CLANG_WARN_BOOL_CONVERSION = YES;
				CLANG_WARN_CONSTANT_CONVERSION = YES;
				CLANG_WARN_DIRECT_OBJC_ISA_USAGE = YES_ERROR;
				CLANG_WARN_DOCUMENTATION_COMMENTS = YES;
				CLANG_WARN_EMPTY_BODY = YES;
				CLANG_WARN_ENUM_CONVERSION = YES;
				CLANG_WARN_INFINITE_RECURSION = YES;
				CLANG_WARN_INT_CONVERSION = YES;
				CLANG_WARN_OBJC_ROOT_CLASS = YES_ERROR;
				CLANG_WARN_SUSPICIOUS_MOVE = YES;
				CLANG_WARN_UNREACHABLE_CODE = YES;
				CLANG_WARN__DUPLICATE_METHOD_MATCH = YES;
				"CODE_SIGN_IDENTITY[sdk=iphoneos*]" = "iPhone Developer";
				COPY_PHASE_STRIP = NO;
				DEBUG_INFORMATION_FORMAT = "dwarf-with-dsym";
				ENABLE_NS_ASSERTIONS = NO;
				ENABLE_STRICT_OBJC_MSGSEND = YES;
				GCC_C_LANGUAGE_STANDARD = gnu99;
				GCC_NO_COMMON_BLOCKS = YES;
				GCC_WARN_64_TO_32_BIT_CONVERSION = YES;
				GCC_WARN_ABOUT_RETURN_TYPE = YES_ERROR;
				GCC_WARN_UNDECLARED_SELECTOR = YES;
				GCC_WARN_UNINITIALIZED_AUTOS = YES_AGGRESSIVE;
				GCC_WARN_UNUSED_FUNCTION = YES;
				GCC_WARN_UNUSED_VARIABLE = YES;
				IPHONEOS_DEPLOYMENT_TARGET = 10.3;
				MTL_ENABLE_DEBUG_INFO = NO;
				SDKROOT = iphoneos;
				SWIFT_OPTIMIZATION_LEVEL = "-Owholemodule";
				VALIDATE_PRODUCT = YES;
			};
			name = Release;
		};
		8FA56D2A1F3C2AB200752B36 /* Debug */ = {
			isa = XCBuildConfiguration;
			buildSettings = {
				ASSETCATALOG_COMPILER_APPICON_NAME = AppIcon;
				INFOPLIST_FILE = "Tip Caculator/Info.plist";
				LD_RUNPATH_SEARCH_PATHS = "$(inherited) @executable_path/Frameworks";
				PRODUCT_BUNDLE_IDENTIFIER = "fake.alanlee.Tip-Caculator";
				PRODUCT_NAME = "$(TARGET_NAME)";
				SWIFT_VERSION = 3.0;
			};
			name = Debug;
		};
		8FA56D2B1F3C2AB200752B36 /* Release */ = {
			isa = XCBuildConfiguration;
			buildSettings = {
				ASSETCATALOG_COMPILER_APPICON_NAME = AppIcon;
				INFOPLIST_FILE = "Tip Caculator/Info.plist";
				LD_RUNPATH_SEARCH_PATHS = "$(inherited) @executable_path/Frameworks";
				PRODUCT_BUNDLE_IDENTIFIER = "fake.alanlee.Tip-Caculator";
				PRODUCT_NAME = "$(TARGET_NAME)";
				SWIFT_VERSION = 3.0;
			};
			name = Release;
		};
		8FA56D2D1F3C2AB200752B36 /* Debug */ = {
			isa = XCBuildConfiguration;
			buildSettings = {
				ALWAYS_EMBED_SWIFT_STANDARD_LIBRARIES = YES;
				BUNDLE_LOADER = "$(TEST_HOST)";
				INFOPLIST_FILE = "Tip CaculatorTests/Info.plist";
				LD_RUNPATH_SEARCH_PATHS = "$(inherited) @executable_path/Frameworks @loader_path/Frameworks";
				PRODUCT_BUNDLE_IDENTIFIER = "com.newbreedstudio.Tip-CaculatorTests";
				PRODUCT_NAME = "$(TARGET_NAME)";
				SWIFT_VERSION = 3.0;
				TEST_HOST = "$(BUILT_PRODUCTS_DIR)/Tip Caculator.app/Tip Caculator";
			};
			name = Debug;
		};
		8FA56D2E1F3C2AB200752B36 /* Release */ = {
			isa = XCBuildConfiguration;
			buildSettings = {
				ALWAYS_EMBED_SWIFT_STANDARD_LIBRARIES = YES;
				BUNDLE_LOADER = "$(TEST_HOST)";
				INFOPLIST_FILE = "Tip CaculatorTests/Info.plist";
				LD_RUNPATH_SEARCH_PATHS = "$(inherited) @executable_path/Frameworks @loader_path/Frameworks";
				PRODUCT_BUNDLE_IDENTIFIER = "com.newbreedstudio.Tip-CaculatorTests";
				PRODUCT_NAME = "$(TARGET_NAME)";
				SWIFT_VERSION = 3.0;
				TEST_HOST = "$(BUILT_PRODUCTS_DIR)/Tip Caculator.app/Tip Caculator";
			};
			name = Release;
		};
		8FA56D301F3C2AB200752B36 /* Debug */ = {
			isa = XCBuildConfiguration;
			buildSettings = {
				ALWAYS_EMBED_SWIFT_STANDARD_LIBRARIES = YES;
				INFOPLIST_FILE = "Tip CaculatorUITests/Info.plist";
				LD_RUNPATH_SEARCH_PATHS = "$(inherited) @executable_path/Frameworks @loader_path/Frameworks";
				PRODUCT_BUNDLE_IDENTIFIER = "com.newbreedstudio.Tip-CaculatorUITests";
				PRODUCT_NAME = "$(TARGET_NAME)";
				SWIFT_VERSION = 3.0;
				TEST_TARGET_NAME = "Tip Caculator";
			};
			name = Debug;
		};
		8FA56D311F3C2AB200752B36 /* Release */ = {
			isa = XCBuildConfiguration;
			buildSettings = {
				ALWAYS_EMBED_SWIFT_STANDARD_LIBRARIES = YES;
				INFOPLIST_FILE = "Tip CaculatorUITests/Info.plist";
				LD_RUNPATH_SEARCH_PATHS = "$(inherited) @executable_path/Frameworks @loader_path/Frameworks";
				PRODUCT_BUNDLE_IDENTIFIER = "com.newbreedstudio.Tip-CaculatorUITests";
				PRODUCT_NAME = "$(TARGET_NAME)";
				SWIFT_VERSION = 3.0;
				TEST_TARGET_NAME = "Tip Caculator";
			};
			name = Release;
		};
/* End XCBuildConfiguration section */

/* Begin XCConfigurationList section */
		8FA56CFC1F3C2AB200752B36 /* Build configuration list for PBXProject "Tip Caculator" */ = {
			isa = XCConfigurationList;
			buildConfigurations = (
				8FA56D271F3C2AB200752B36 /* Debug */,
				8FA56D281F3C2AB200752B36 /* Release */,
			);
			defaultConfigurationIsVisible = 0;
			defaultConfigurationName = Release;
		};
		8FA56D291F3C2AB200752B36 /* Build configuration list for PBXNativeTarget "Tip Caculator" */ = {
			isa = XCConfigurationList;
			buildConfigurations = (
				8FA56D2A1F3C2AB200752B36 /* Debug */,
				8FA56D2B1F3C2AB200752B36 /* Release */,
			);
			defaultConfigurationIsVisible = 0;
			defaultConfigurationName = Release;
		};
		8FA56D2C1F3C2AB200752B36 /* Build configuration list for PBXNativeTarget "Tip CaculatorTests" */ = {
			isa = XCConfigurationList;
			buildConfigurations = (
				8FA56D2D1F3C2AB200752B36 /* Debug */,
				8FA56D2E1F3C2AB200752B36 /* Release */,
			);
			defaultConfigurationIsVisible = 0;
			defaultConfigurationName = Release;
		};
		8FA56D2F1F3C2AB200752B36 /* Build configuration list for PBXNativeTarget "Tip CaculatorUITests" */ = {
			isa = XCConfigurationList;
			buildConfigurations = (
				8FA56D301F3C2AB200752B36 /* Debug */,
				8FA56D311F3C2AB200752B36 /* Release */,
			);
			defaultConfigurationIsVisible = 0;
			defaultConfigurationName = Release;
		};
/* End XCConfigurationList section */
	};
	rootObject = 8FA56CF91F3C2AB200752B36 /* Project object */;
}
